
Microsoft Visual Studio Solution File, Format Version 12.00
# Visual Studio Version 16
VisualStudioVersion = 16.0.31911.196
MinimumVisualStudioVersion = 10.0.40219.1
Project("{FAE04EC0-301F-11D3-BF4B-00C04F79EFBC}") = "KeyLogger", "KeyLogger\KeyLogger.csproj", "{CA6A572A-6BEA-4AD4-9B50-534826E070E6}"
EndProject
Global
	GlobalSection(SolutionConfigurationPlatforms) = preSolution
		Debug|Any CPU = Debug|Any CPU
		Release|Any CPU = Release|Any CPU
	EndGlobalSection
	GlobalSection(ProjectConfigurationPlatforms) = postSolution
		{CA6A572A-6BEA-4AD4-9B50-534826E070E6}.Debug|Any CPU.ActiveCfg = Debug|Any CPU
		{CA6A572A-6BEA-4AD4-9B50-534826E070E6}.Debug|Any CPU.Build.0 = Debug|Any CPU
		{CA6A572A-6BEA-4AD4-9B50-534826E070E6}.Release|Any CPU.ActiveCfg = Release|Any CPU
		{CA6A572A-6BEA-4AD4-9B50-534826E070E6}.Release|Any CPU.Build.0 = Release|Any CPU
	EndGlobalSection
	GlobalSection(SolutionProperties) = preSolution
		HideSolutionNode = FALSE
	EndGlobalSection
	GlobalSection(ExtensibilityGlobals) = postSolution
		SolutionGuid = {F6B89575-02F3-498B-8D2A-9676CBB80D90}
	EndGlobalSection
EndGlobal
